
Microsoft Visual Studio Solution File, Format Version 12.00
# Visual Studio 15
Project("{FAE04EC0-301F-11D3-BF4B-00C04F79EFBC}") = "Assembly-CSharp", "Assembly-CSharp.csproj", "{D57A1231-A3DE-DC74-52DD-C36B1CE663B0}"
EndProject
Project("{FAE04EC0-301F-11D3-BF4B-00C04F79EFBC}") = "FMODUnity", "FMODUnity.csproj", "{78C300D0-F3D6-2CAE-9AC4-9A746A322FA4}"
EndProject
Project("{FAE04EC0-301F-11D3-BF4B-00C04F79EFBC}") = "FronkonGames.Retro.CRTTV.Editor", "FronkonGames.Retro.CRTTV.Editor.csproj", "{15D80EF4-8B94-C7EF-AAE0-A732A1CDFB8D}"
EndProject
Project("{FAE04EC0-301F-11D3-BF4B-00C04F79EFBC}") = "FMODUnityEditor", "FMODUnityEditor.csproj", "{1F2B82E4-A493-4AEC-AE6D-1C499DF06CE6}"
EndProject
Project("{FAE04EC0-301F-11D3-BF4B-00C04F79EFBC}") = "Assembly-CSharp-Editor", "Assembly-CSharp-Editor.csproj", "{DCEFB1D0-1F34-898B-F650-9563F9BCEC6E}"
EndProject
Project("{FAE04EC0-301F-11D3-BF4B-00C04F79EFBC}") = "FronkonGames.Retro.CRTTV", "FronkonGames.Retro.CRTTV.csproj", "{CAB61494-069E-EC70-5965-056BB0A6E94D}"
EndProject
Project("{FAE04EC0-301F-11D3-BF4B-00C04F79EFBC}") = "FMODUnityResonanceEditor", "FMODUnityResonanceEditor.csproj", "{33116BCF-E4CA-3F2E-BF82-1836961551EA}"
EndProject
Project("{FAE04EC0-301F-11D3-BF4B-00C04F79EFBC}") = "FMODUnityResonance", "FMODUnityResonance.csproj", "{E2F9900F-E367-073F-F99B-C9E6B9043C27}"
EndProject
Global
	GlobalSection(SolutionConfigurationPlatforms) = preSolution
		Debug|Any CPU = Debug|Any CPU
		Release|Any CPU = Release|Any CPU
	EndGlobalSection
	GlobalSection(ProjectConfigurationPlatforms) = postSolution
		{D57A1231-A3DE-DC74-52DD-C36B1CE663B0}.Debug|Any CPU.ActiveCfg = Debug|Any CPU
		{D57A1231-A3DE-DC74-52DD-C36B1CE663B0}.Debug|Any CPU.Build.0 = Debug|Any CPU
		{D57A1231-A3DE-DC74-52DD-C36B1CE663B0}.Release|Any CPU.ActiveCfg = Release|Any CPU
		{D57A1231-A3DE-DC74-52DD-C36B1CE663B0}.Release|Any CPU.Build.0 = Release|Any CPU
		{78C300D0-F3D6-2CAE-9AC4-9A746A322FA4}.Debug|Any CPU.ActiveCfg = Debug|Any CPU
		{78C300D0-F3D6-2CAE-9AC4-9A746A322FA4}.Debug|Any CPU.Build.0 = Debug|Any CPU
		{78C300D0-F3D6-2CAE-9AC4-9A746A322FA4}.Release|Any CPU.ActiveCfg = Release|Any CPU
		{78C300D0-F3D6-2CAE-9AC4-9A746A322FA4}.Release|Any CPU.Build.0 = Release|Any CPU
		{15D80EF4-8B94-C7EF-AAE0-A732A1CDFB8D}.Debug|Any CPU.ActiveCfg = Debug|Any CPU
		{15D80EF4-8B94-C7EF-AAE0-A732A1CDFB8D}.Debug|Any CPU.Build.0 = Debug|Any CPU
		{15D80EF4-8B94-C7EF-AAE0-A732A1CDFB8D}.Release|Any CPU.ActiveCfg = Release|Any CPU
		{15D80EF4-8B94-C7EF-AAE0-A732A1CDFB8D}.Release|Any CPU.Build.0 = Release|Any CPU
		{1F2B82E4-A493-4AEC-AE6D-1C499DF06CE6}.Debug|Any CPU.ActiveCfg = Debug|Any CPU
		{1F2B82E4-A493-4AEC-AE6D-1C499DF06CE6}.Debug|Any CPU.Build.0 = Debug|Any CPU
		{1F2B82E4-A493-4AEC-AE6D-1C499DF06CE6}.Release|Any CPU.ActiveCfg = Release|Any CPU
		{1F2B82E4-A493-4AEC-AE6D-1C499DF06CE6}.Release|Any CPU.Build.0 = Release|Any CPU
		{DCEFB1D0-1F34-898B-F650-9563F9BCEC6E}.Debug|Any CPU.ActiveCfg = Debug|Any CPU
		{DCEFB1D0-1F34-898B-F650-9563F9BCEC6E}.Debug|Any CPU.Build.0 = Debug|Any CPU
		{DCEFB1D0-1F34-898B-F650-9563F9BCEC6E}.Release|Any CPU.ActiveCfg = Release|Any CPU
		{DCEFB1D0-1F34-898B-F650-9563F9BCEC6E}.Release|Any CPU.Build.0 = Release|Any CPU
		{CAB61494-069E-EC70-5965-056BB0A6E94D}.Debug|Any CPU.ActiveCfg = Debug|Any CPU
		{CAB61494-069E-EC70-5965-056BB0A6E94D}.Debug|Any CPU.Build.0 = Debug|Any CPU
		{CAB61494-069E-EC70-5965-056BB0A6E94D}.Release|Any CPU.ActiveCfg = Release|Any CPU
		{CAB61494-069E-EC70-5965-056BB0A6E94D}.Release|Any CPU.Build.0 = Release|Any CPU
		{33116BCF-E4CA-3F2E-BF82-1836961551EA}.Debug|Any CPU.ActiveCfg = Debug|Any CPU
		{33116BCF-E4CA-3F2E-BF82-1836961551EA}.Debug|Any CPU.Build.0 = Debug|Any CPU
		{33116BCF-E4CA-3F2E-BF82-1836961551EA}.Release|Any CPU.ActiveCfg = Release|Any CPU
		{33116BCF-E4CA-3F2E-BF82-1836961551EA}.Release|Any CPU.Build.0 = Release|Any CPU
		{E2F9900F-E367-073F-F99B-C9E6B9043C27}.Debug|Any CPU.ActiveCfg = Debug|Any CPU
		{E2F9900F-E367-073F-F99B-C9E6B9043C27}.Debug|Any CPU.Build.0 = Debug|Any CPU
		{E2F9900F-E367-073F-F99B-C9E6B9043C27}.Release|Any CPU.ActiveCfg = Release|Any CPU
		{E2F9900F-E367-073F-F99B-C9E6B9043C27}.Release|Any CPU.Build.0 = Release|Any CPU
	EndGlobalSection
	GlobalSection(SolutionProperties) = preSolution
		HideSolutionNode = FALSE
	EndGlobalSection
EndGlobal
